{
    "version": 3,
    "terraform_version": "0.11.13",
    "serial": 10,
    "lineage": "e9d4034d-2b44-0aed-501d-9fb66a282bad",
    "modules": [
        {
            "path": [
                "root"
            ],
            "outputs": {
                "ip": {
                    "sensitive": false,
                    "type": "string",
                    "value": ""
                },
                "os_sku": {
                    "sensitive": false,
                    "type": "string",
                    "value": "16.04-LTS"
                }
            },
            "resources": {
                "azurerm_network_interface.nic": {
                    "type": "azurerm_network_interface",
                    "depends_on": [
                        "azurerm_network_security_group.nsg",
                        "azurerm_public_ip.publicip",
                        "azurerm_resource_group.resourceGroup",
                        "azurerm_subnet.subnet"
                    ],
                    "primary": {
                        "id": "/subscriptions/1e3572b9-ed28-4477-932c-8931c4d7cb56/resourceGroups/tfResourceGroup/providers/Microsoft.Network/networkInterfaces/tfNIC",
                        "attributes": {
                            "applied_dns_servers.#": "0",
                            "dns_servers.#": "0",
                            "enable_accelerated_networking": "false",
                            "enable_ip_forwarding": "false",
                            "id": "/subscriptions/1e3572b9-ed28-4477-932c-8931c4d7cb56/resourceGroups/tfResourceGroup/providers/Microsoft.Network/networkInterfaces/tfNIC",
                            "internal_dns_name_label": "",
                            "internal_fqdn": "",
                            "ip_configuration.#": "1",
                            "ip_configuration.0.application_gateway_backend_address_pools_ids.#": "0",
                            "ip_configuration.0.application_security_group_ids.#": "0",
                            "ip_configuration.0.load_balancer_backend_address_pools_ids.#": "0",
                            "ip_configuration.0.load_balancer_inbound_nat_rules_ids.#": "0",
                            "ip_configuration.0.name": "tfNICConfig",
                            "ip_configuration.0.primary": "true",
                            "ip_configuration.0.private_ip_address": "",
                            "ip_configuration.0.private_ip_address_allocation": "dynamic",
                            "ip_configuration.0.public_ip_address_id": "/subscriptions/1e3572b9-ed28-4477-932c-8931c4d7cb56/resourceGroups/tfResourceGroup/providers/Microsoft.Network/publicIPAddresses/tfPublicIP",
                            "ip_configuration.0.subnet_id": "/subscriptions/1e3572b9-ed28-4477-932c-8931c4d7cb56/resourceGroups/tfResourceGroup/providers/Microsoft.Network/virtualNetworks/tfVnet/subnets/tfSubnet",
                            "location": "westus",
                            "mac_address": "",
                            "name": "tfNIC",
                            "network_security_group_id": "/subscriptions/1e3572b9-ed28-4477-932c-8931c4d7cb56/resourceGroups/tfResourceGroup/providers/Microsoft.Network/networkSecurityGroups/tfNSG",
                            "private_ip_address": "10.0.1.4",
                            "private_ip_addresses.#": "1",
                            "private_ip_addresses.0": "10.0.1.4",
                            "resource_group_name": "tfResourceGroup",
                            "tags.%": "2",
                            "tags.Dept": "Engineering",
                            "tags.Environment": "Terraform GS"
                        },
                        "meta": {},
                        "tainted": false
                    },
                    "deposed": [],
                    "provider": "provider.azurerm"
                },
                "azurerm_network_security_group.nsg": {
                    "type": "azurerm_network_security_group",
                    "depends_on": [
                        "azurerm_resource_group.resourceGroup"
                    ],
                    "primary": {
                        "id": "/subscriptions/1e3572b9-ed28-4477-932c-8931c4d7cb56/resourceGroups/tfResourceGroup/providers/Microsoft.Network/networkSecurityGroups/tfNSG",
                        "attributes": {
                            "id": "/subscriptions/1e3572b9-ed28-4477-932c-8931c4d7cb56/resourceGroups/tfResourceGroup/providers/Microsoft.Network/networkSecurityGroups/tfNSG",
                            "location": "westus",
                            "name": "tfNSG",
                            "resource_group_name": "tfResourceGroup",
                            "security_rule.#": "1",
                            "security_rule.2286085285.access": "Allow",
                            "security_rule.2286085285.description": "",
                            "security_rule.2286085285.destination_address_prefix": "*",
                            "security_rule.2286085285.destination_address_prefixes.#": "0",
                            "security_rule.2286085285.destination_application_security_group_ids.#": "0",
                            "security_rule.2286085285.destination_port_range": "22",
                            "security_rule.2286085285.destination_port_ranges.#": "0",
                            "security_rule.2286085285.direction": "Inbound",
                            "security_rule.2286085285.name": "SSH",
                            "security_rule.2286085285.priority": "1001",
                            "security_rule.2286085285.protocol": "TCP",
                            "security_rule.2286085285.source_address_prefix": "*",
                            "security_rule.2286085285.source_address_prefixes.#": "0",
                            "security_rule.2286085285.source_application_security_group_ids.#": "0",
                            "security_rule.2286085285.source_port_range": "*",
                            "security_rule.2286085285.source_port_ranges.#": "0",
                            "tags.%": "2",
                            "tags.Dept": "Engineering",
                            "tags.Environment": "Terraform GS"
                        },
                        "meta": {},
                        "tainted": false
                    },
                    "deposed": [],
                    "provider": "provider.azurerm"
                },
                "azurerm_public_ip.publicip": {
                    "type": "azurerm_public_ip",
                    "depends_on": [
                        "azurerm_resource_group.resourceGroup"
                    ],
                    "primary": {
                        "id": "/subscriptions/1e3572b9-ed28-4477-932c-8931c4d7cb56/resourceGroups/tfResourceGroup/providers/Microsoft.Network/publicIPAddresses/tfPublicIP",
                        "attributes": {
                            "id": "/subscriptions/1e3572b9-ed28-4477-932c-8931c4d7cb56/resourceGroups/tfResourceGroup/providers/Microsoft.Network/publicIPAddresses/tfPublicIP",
                            "idle_timeout_in_minutes": "4",
                            "ip_address": "",
                            "ip_version": "IPv4",
                            "location": "westus",
                            "name": "tfPublicIP",
                            "public_ip_address_allocation": "Dynamic",
                            "resource_group_name": "tfResourceGroup",
                            "sku": "Basic",
                            "tags.%": "2",
                            "tags.Dept": "Engineering",
                            "tags.Environment": "Terraform GS",
                            "zones.#": "0"
                        },
                        "meta": {},
                        "tainted": false
                    },
                    "deposed": [],
                    "provider": "provider.azurerm"
                },
                "azurerm_resource_group.resourceGroup": {
                    "type": "azurerm_resource_group",
                    "depends_on": [],
                    "primary": {
                        "id": "/subscriptions/1e3572b9-ed28-4477-932c-8931c4d7cb56/resourceGroups/tfResourceGroup",
                        "attributes": {
                            "id": "/subscriptions/1e3572b9-ed28-4477-932c-8931c4d7cb56/resourceGroups/tfResourceGroup",
                            "location": "westeurope",
                            "name": "tfResourceGroup",
                            "tags.%": "2",
                            "tags.Dept": "Engineering",
                            "tags.Environment": "Terraform GS"
                        },
                        "meta": {},
                        "tainted": false
                    },
                    "deposed": [],
                    "provider": "provider.azurerm"
                },
                "azurerm_subnet.subnet": {
                    "type": "azurerm_subnet",
                    "depends_on": [
                        "azurerm_resource_group.resourceGroup",
                        "azurerm_virtual_network.vnet"
                    ],
                    "primary": {
                        "id": "/subscriptions/1e3572b9-ed28-4477-932c-8931c4d7cb56/resourceGroups/tfResourceGroup/providers/Microsoft.Network/virtualNetworks/tfVnet/subnets/tfSubnet",
                        "attributes": {
                            "address_prefix": "10.0.1.0/24",
                            "id": "/subscriptions/1e3572b9-ed28-4477-932c-8931c4d7cb56/resourceGroups/tfResourceGroup/providers/Microsoft.Network/virtualNetworks/tfVnet/subnets/tfSubnet",
                            "ip_configurations.#": "0",
                            "name": "tfSubnet",
                            "resource_group_name": "tfResourceGroup",
                            "route_table_id": "",
                            "service_endpoints.#": "0",
                            "virtual_network_name": "tfVnet"
                        },
                        "meta": {},
                        "tainted": false
                    },
                    "deposed": [],
                    "provider": "provider.azurerm"
                },
                "azurerm_virtual_machine.vm": {
                    "type": "azurerm_virtual_machine",
                    "depends_on": [
                        "azurerm_network_interface.nic",
                        "azurerm_resource_group.resourceGroup"
                    ],
                    "primary": {
                        "id": "/subscriptions/1e3572b9-ed28-4477-932c-8931c4d7cb56/resourceGroups/tfResourceGroup/providers/Microsoft.Compute/virtualMachines/tfVM",
                        "attributes": {
                            "delete_data_disks_on_termination": "false",
                            "delete_os_disk_on_termination": "false",
                            "id": "/subscriptions/1e3572b9-ed28-4477-932c-8931c4d7cb56/resourceGroups/tfResourceGroup/providers/Microsoft.Compute/virtualMachines/tfVM",
                            "identity.#": "0",
                            "location": "westus",
                            "name": "tfVM",
                            "network_interface_ids.#": "1",
                            "network_interface_ids.0": "/subscriptions/1e3572b9-ed28-4477-932c-8931c4d7cb56/resourceGroups/tfResourceGroup/providers/Microsoft.Network/networkInterfaces/tfNIC",
                            "os_profile.#": "1",
                            "os_profile.1756288168.admin_password": "",
                            "os_profile.1756288168.admin_username": "sebinego",
                            "os_profile.1756288168.computer_name": "tfUbuntuVM",
                            "os_profile.1756288168.custom_data": "",
                            "os_profile_linux_config.#": "1",
                            "os_profile_linux_config.2972667452.disable_password_authentication": "false",
                            "os_profile_linux_config.2972667452.ssh_keys.#": "0",
                            "os_profile_secrets.#": "0",
                            "os_profile_windows_config.#": "0",
                            "plan.#": "0",
                            "resource_group_name": "tfResourceGroup",
                            "storage_data_disk.#": "0",
                            "storage_image_reference.#": "1",
                            "storage_image_reference.363552096.id": "",
                            "storage_image_reference.363552096.offer": "UbuntuServer",
                            "storage_image_reference.363552096.publisher": "Canonical",
                            "storage_image_reference.363552096.sku": "16.04.0-LTS",
                            "storage_image_reference.363552096.version": "latest",
                            "storage_os_disk.#": "1",
                            "storage_os_disk.0.caching": "ReadWrite",
                            "storage_os_disk.0.create_option": "FromImage",
                            "storage_os_disk.0.disk_size_gb": "30",
                            "storage_os_disk.0.image_uri": "",
                            "storage_os_disk.0.managed_disk_id": "/subscriptions/1e3572b9-ed28-4477-932c-8931c4d7cb56/resourceGroups/tfResourceGroup/providers/Microsoft.Compute/disks/tfOsDisk",
                            "storage_os_disk.0.managed_disk_type": "Premium_LRS",
                            "storage_os_disk.0.name": "tfOsDisk",
                            "storage_os_disk.0.os_type": "Linux",
                            "storage_os_disk.0.vhd_uri": "",
                            "storage_os_disk.0.write_accelerator_enabled": "false",
                            "tags.%": "2",
                            "tags.Dept": "Engineering",
                            "tags.Environment": "Terraform GS",
                            "vm_size": "Standard_DS1_v2",
                            "zones.#": "0"
                        },
                        "meta": {},
                        "tainted": false
                    },
                    "deposed": [],
                    "provider": "provider.azurerm"
                },
                "azurerm_virtual_network.vnet": {
                    "type": "azurerm_virtual_network",
                    "depends_on": [
                        "azurerm_resource_group.resourceGroup"
                    ],
                    "primary": {
                        "id": "/subscriptions/1e3572b9-ed28-4477-932c-8931c4d7cb56/resourceGroups/tfResourceGroup/providers/Microsoft.Network/virtualNetworks/tfVnet",
                        "attributes": {
                            "address_space.#": "1",
                            "address_space.0": "10.0.0.0/16",
                            "dns_servers.#": "0",
                            "id": "/subscriptions/1e3572b9-ed28-4477-932c-8931c4d7cb56/resourceGroups/tfResourceGroup/providers/Microsoft.Network/virtualNetworks/tfVnet",
                            "location": "westus",
                            "name": "tfVnet",
                            "resource_group_name": "tfResourceGroup",
                            "subnet.#": "0",
                            "tags.%": "2",
                            "tags.Dept": "Engineering",
                            "tags.Environment": "Terraform GS"
                        },
                        "meta": {},
                        "tainted": false
                    },
                    "deposed": [],
                    "provider": "provider.azurerm"
                }
            },
            "depends_on": []
        }
    ]
}
